
Microsoft Visual Studio Solution File, Format Version 12.00
# Visual Studio Version 17
VisualStudioVersion = 17.3.32901.215
MinimumVisualStudioVersion = 10.0.40219.1
Project("{FAE04EC0-301F-11D3-BF4B-00C04F79EFBC}") = "StackUsingLinkedList", "StackUsingLinkedList\StackUsingLinkedList.csproj", "{F2E3F256-2E1D-4E56-9464-9F0FA0CE4FF6}"
EndProject
Global
	GlobalSection(SolutionConfigurationPlatforms) = preSolution
		Debug|Any CPU = Debug|Any CPU
		Release|Any CPU = Release|Any CPU
	EndGlobalSection
	GlobalSection(ProjectConfigurationPlatforms) = postSolution
		{F2E3F256-2E1D-4E56-9464-9F0FA0CE4FF6}.Debug|Any CPU.ActiveCfg = Debug|Any CPU
		{F2E3F256-2E1D-4E56-9464-9F0FA0CE4FF6}.Debug|Any CPU.Build.0 = Debug|Any CPU
		{F2E3F256-2E1D-4E56-9464-9F0FA0CE4FF6}.Release|Any CPU.ActiveCfg = Release|Any CPU
		{F2E3F256-2E1D-4E56-9464-9F0FA0CE4FF6}.Release|Any CPU.Build.0 = Release|Any CPU
	EndGlobalSection
	GlobalSection(SolutionProperties) = preSolution
		HideSolutionNode = FALSE
	EndGlobalSection
	GlobalSection(ExtensibilityGlobals) = postSolution
		SolutionGuid = {3CE386AB-C89D-4685-9837-CFA5A2DC123C}
	EndGlobalSection
EndGlobal
